
Microsoft Visual Studio Solution File, Format Version 12.00
# Visual Studio Version 17
VisualStudioVersion = 17.8.34330.188
MinimumVisualStudioVersion = 10.0.40219.1
Project("{FAE04EC0-301F-11D3-BF4B-00C04F79EFBC}") = "MVCDBFirst", "MVCDBFirst.csproj", "{65228389-3143-4EE7-A54E-0DD7A5608BAC}"
EndProject
Global
	GlobalSection(SolutionConfigurationPlatforms) = preSolution
		Debug|Any CPU = Debug|Any CPU
		Release|Any CPU = Release|Any CPU
	EndGlobalSection
	GlobalSection(ProjectConfigurationPlatforms) = postSolution
		{65228389-3143-4EE7-A54E-0DD7A5608BAC}.Debug|Any CPU.ActiveCfg = Debug|Any CPU
		{65228389-3143-4EE7-A54E-0DD7A5608BAC}.Debug|Any CPU.Build.0 = Debug|Any CPU
		{65228389-3143-4EE7-A54E-0DD7A5608BAC}.Release|Any CPU.ActiveCfg = Release|Any CPU
		{65228389-3143-4EE7-A54E-0DD7A5608BAC}.Release|Any CPU.Build.0 = Release|Any CPU
	EndGlobalSection
	GlobalSection(SolutionProperties) = preSolution
		HideSolutionNode = FALSE
	EndGlobalSection
	GlobalSection(ExtensibilityGlobals) = postSolution
		SolutionGuid = {61B1A0C3-E915-46F0-97E8-A90656DD471B}
	EndGlobalSection
EndGlobal
